# This file is autogenerated, do not edit; changes may be undone by the next 'dep ensure'.


[[projects]]
  name = "github.com/sirkon/message"
  packages = ["."]
  revision = "4c43b51aab28b44b3b33deff9233a09a1aa143ba"
  version = "v1.0"

[solve-meta]
  analyzer-name = "dep"
  analyzer-version = 1
  inputs-digest = "993955f45c38b47c6c195ef7efb72dcdce0a11aa8b2d50111eb1c59604993615"
  solver-name = "gps-cdcl"
  solver-version = 1
